github.com/mdb/seaweed v0.3.0 h1:QIUOjI6Gps4qmPaVUUBi63933IQbD1hnfXnM/uSrydo=
github.com/mdb/seaweed v0.3.0/go.mod h1:QKvJxSwcd5mpz+Z6UmPv9I4p/ejRK54oA6I8bDXG2vQ=
github.com/op/go-logging v0.0.0-20160315200505-970db520ece7 h1:lDH9UUVJtmYCjyT0CI4q8xvlXPxeZ0gYCVvWbmPlp88=
github.com/op/go-logging v0.0.0-20160315200505-970db520ece7/go.mod h1:HzydrMdWErDVzsI23lYNej1Htcns9BCg93Dk0bBINWk=
